
Microsoft Visual Studio Solution File, Format Version 12.00
# Visual Studio 15
VisualStudioVersion = 15.0.27004.2002
MinimumVisualStudioVersion = 10.0.40219.1
Project("{888888A0-9F3D-457C-B088-3A5042F75D52}") = "customization1", "customization1\customization1.pyproj", "{368284E5-5A2D-46E8-A9E6-B2C697688685}"
EndProject
Global
	GlobalSection(SolutionConfigurationPlatforms) = preSolution
		Debug|Any CPU = Debug|Any CPU
		Release|Any CPU = Release|Any CPU
	EndGlobalSection
	GlobalSection(ProjectConfigurationPlatforms) = postSolution
		{368284E5-5A2D-46E8-A9E6-B2C697688685}.Debug|Any CPU.ActiveCfg = Debug|Any CPU
		{368284E5-5A2D-46E8-A9E6-B2C697688685}.Debug|Any CPU.Build.0 = Debug|Any CPU
		{368284E5-5A2D-46E8-A9E6-B2C697688685}.Release|Any CPU.ActiveCfg = Release|Any CPU
		{368284E5-5A2D-46E8-A9E6-B2C697688685}.Release|Any CPU.Build.0 = Release|Any CPU
	EndGlobalSection
	GlobalSection(SolutionProperties) = preSolution
		HideSolutionNode = FALSE
	EndGlobalSection
	GlobalSection(ExtensibilityGlobals) = postSolution
		SolutionGuid = {8A65CC7F-0393-4D68-B5BB-DD390F21FF0A}
	EndGlobalSection
EndGlobal
